
Microsoft Visual Studio Solution File, Format Version 12.00
# Visual Studio Version 17
VisualStudioVersion = 17.3.32922.545
MinimumVisualStudioVersion = 10.0.40219.1
Project("{8BC9CEB8-8B4A-11D0-8D11-00A0C91BC942}") = "22_11_27_P020_MathLibrary", "22_11_27_P020_MathLibrary.vcxproj", "{26F587D5-D9AC-411E-B82F-9DCEC5342809}"
EndProject
Project("{8BC9CEB8-8B4A-11D0-8D11-00A0C91BC942}") = "22_11_27_P020_MathClient", "..\22_11_27_P020_MathClient\22_11_27_P020_MathClient.vcxproj", "{BA16DAA5-ADD1-4603-A7D2-350C3F1CB94A}"
EndProject
Global
	GlobalSection(SolutionConfigurationPlatforms) = preSolution
		Debug|x64 = Debug|x64
		Debug|x86 = Debug|x86
		Release|x64 = Release|x64
		Release|x86 = Release|x86
	EndGlobalSection
	GlobalSection(ProjectConfigurationPlatforms) = postSolution
		{26F587D5-D9AC-411E-B82F-9DCEC5342809}.Debug|x64.ActiveCfg = Debug|x64
		{26F587D5-D9AC-411E-B82F-9DCEC5342809}.Debug|x64.Build.0 = Debug|x64
		{26F587D5-D9AC-411E-B82F-9DCEC5342809}.Debug|x86.ActiveCfg = Debug|Win32
		{26F587D5-D9AC-411E-B82F-9DCEC5342809}.Debug|x86.Build.0 = Debug|Win32
		{26F587D5-D9AC-411E-B82F-9DCEC5342809}.Release|x64.ActiveCfg = Release|x64
		{26F587D5-D9AC-411E-B82F-9DCEC5342809}.Release|x64.Build.0 = Release|x64
		{26F587D5-D9AC-411E-B82F-9DCEC5342809}.Release|x86.ActiveCfg = Release|Win32
		{26F587D5-D9AC-411E-B82F-9DCEC5342809}.Release|x86.Build.0 = Release|Win32
		{BA16DAA5-ADD1-4603-A7D2-350C3F1CB94A}.Debug|x64.ActiveCfg = Debug|x64
		{BA16DAA5-ADD1-4603-A7D2-350C3F1CB94A}.Debug|x64.Build.0 = Debug|x64
		{BA16DAA5-ADD1-4603-A7D2-350C3F1CB94A}.Debug|x86.ActiveCfg = Debug|Win32
		{BA16DAA5-ADD1-4603-A7D2-350C3F1CB94A}.Debug|x86.Build.0 = Debug|Win32
		{BA16DAA5-ADD1-4603-A7D2-350C3F1CB94A}.Release|x64.ActiveCfg = Release|x64
		{BA16DAA5-ADD1-4603-A7D2-350C3F1CB94A}.Release|x64.Build.0 = Release|x64
		{BA16DAA5-ADD1-4603-A7D2-350C3F1CB94A}.Release|x86.ActiveCfg = Release|Win32
		{BA16DAA5-ADD1-4603-A7D2-350C3F1CB94A}.Release|x86.Build.0 = Release|Win32
	EndGlobalSection
	GlobalSection(SolutionProperties) = preSolution
		HideSolutionNode = FALSE
	EndGlobalSection
	GlobalSection(ExtensibilityGlobals) = postSolution
		SolutionGuid = {FC50102A-8E61-44A5-85D4-88D79809B536}
	EndGlobalSection
EndGlobal
