
Microsoft Visual Studio Solution File, Format Version 12.00
# Visual Studio Version 17
VisualStudioVersion = 17.3.32922.545
MinimumVisualStudioVersion = 10.0.40219.1
Project("{8BC9CEB8-8B4A-11D0-8D11-00A0C91BC942}") = "22_10_13_P012_Matrices", "22_10_13_P012_Matrices.vcxproj", "{4437A6DC-1B43-452E-B9F9-F236B325B677}"
EndProject
Global
	GlobalSection(SolutionConfigurationPlatforms) = preSolution
		Debug|x64 = Debug|x64
		Debug|x86 = Debug|x86
		Release|x64 = Release|x64
		Release|x86 = Release|x86
	EndGlobalSection
	GlobalSection(ProjectConfigurationPlatforms) = postSolution
		{4437A6DC-1B43-452E-B9F9-F236B325B677}.Debug|x64.ActiveCfg = Debug|x64
		{4437A6DC-1B43-452E-B9F9-F236B325B677}.Debug|x64.Build.0 = Debug|x64
		{4437A6DC-1B43-452E-B9F9-F236B325B677}.Debug|x86.ActiveCfg = Debug|Win32
		{4437A6DC-1B43-452E-B9F9-F236B325B677}.Debug|x86.Build.0 = Debug|Win32
		{4437A6DC-1B43-452E-B9F9-F236B325B677}.Release|x64.ActiveCfg = Release|x64
		{4437A6DC-1B43-452E-B9F9-F236B325B677}.Release|x64.Build.0 = Release|x64
		{4437A6DC-1B43-452E-B9F9-F236B325B677}.Release|x86.ActiveCfg = Release|Win32
		{4437A6DC-1B43-452E-B9F9-F236B325B677}.Release|x86.Build.0 = Release|Win32
	EndGlobalSection
	GlobalSection(SolutionProperties) = preSolution
		HideSolutionNode = FALSE
	EndGlobalSection
	GlobalSection(ExtensibilityGlobals) = postSolution
		SolutionGuid = {89EC1D9A-6A65-499F-82D1-73D6DF8F7DE3}
	EndGlobalSection
EndGlobal
